
Microsoft Visual Studio Solution File, Format Version 12.00
# Visual Studio Version 17
VisualStudioVersion = 17.9.34902.65
MinimumVisualStudioVersion = 10.0.40219.1
Project("{9A19103F-16F7-4668-BE54-9A1E7A4F7556}") = "BelieveOrNotBelieveGameServer", "BelieveOrNotBelieveGameServer\BelieveOrNotBelieveGameServer.csproj", "{860BD2B7-423B-4802-AF7A-5C1771F1303F}"
EndProject
Global
	GlobalSection(SolutionConfigurationPlatforms) = preSolution
		Debug|Any CPU = Debug|Any CPU
		Release|Any CPU = Release|Any CPU
	EndGlobalSection
	GlobalSection(ProjectConfigurationPlatforms) = postSolution
		{860BD2B7-423B-4802-AF7A-5C1771F1303F}.Debug|Any CPU.ActiveCfg = Debug|Any CPU
		{860BD2B7-423B-4802-AF7A-5C1771F1303F}.Debug|Any CPU.Build.0 = Debug|Any CPU
		{860BD2B7-423B-4802-AF7A-5C1771F1303F}.Release|Any CPU.ActiveCfg = Release|Any CPU
		{860BD2B7-423B-4802-AF7A-5C1771F1303F}.Release|Any CPU.Build.0 = Release|Any CPU
	EndGlobalSection
	GlobalSection(SolutionProperties) = preSolution
		HideSolutionNode = FALSE
	EndGlobalSection
	GlobalSection(ExtensibilityGlobals) = postSolution
		SolutionGuid = {39D0655A-87E1-4229-B62A-F1D70447CCDD}
	EndGlobalSection
EndGlobal
